<?xml version="1.0" encoding="utf-8"?>
<Project ToolsVersion="4.0" xmlns="http://schemas.microsoft.com/developer/msbuild/2003">
  <ItemGroup>
    <Filter Include="Source Files">
      <UniqueIdentifier>{c6a38b99-f389-473f-8298-d1da2275b2ad}</UniqueIdentifier>
      <Extensions>cpp;c;cxx;rc;def;r;odl;idl;hpj;bat</Extensions>
    </Filter>
    <Filter Include="Header Files">
      <UniqueIdentifier>{a892fbb0-e88b-43b2-aa03-c3d6e96ee13e}</UniqueIdentifier>
      <Extensions>h;hpp;hxx;hm;inl</Extensions>
    </Filter>
  </ItemGroup>
  <ItemGroup>
    <ClCompile Include="Base64.cpp">
      <Filter>Source Files</Filter>
    </ClCompile>
    <ClCompile Include="fmstream.cpp">
      <Filter>Source Files</Filter>
    </ClCompile>
    <ClCompile Include="Internet.cpp">
      <Filter>Source Files</Filter>
    </ClCompile>
    <ClCompile Include="ToolsString.cpp">
      <Filter>Source Files</Filter>
    </ClCompile>
    <ClCompile Include="HttpClient.cpp">
      <Filter>Source Files</Filter>
    </ClCompile>
  </ItemGroup>
  <ItemGroup>
    <ClInclude Include="Base64.h">
      <Filter>Header Files</Filter>
    </ClInclude>
    <ClInclude Include="fmstream.h">
      <Filter>Header Files</Filter>
    </ClInclude>
    <ClInclude Include="Internet.h">
      <Filter>Header Files</Filter>
    </ClInclude>
    <ClInclude Include="ToolsString.h">
      <Filter>Header Files</Filter>
    </ClInclude>
    <ClInclude Include="HttpClient.h">
      <Filter>Header Files</Filter>
    </ClInclude>
    <ClInclude Include="mstream.h">
      <Filter>Header Files</Filter>
    </ClInclude>
    <ClInclude Include="Raii.h">
      <Filter>Header Files</Filter>
    </ClInclude>
  </ItemGroup>
</Project>